using System;
using System.Collections.Generic;
using System.Linq;
using System.Text;
using System.Threading.Tasks;

namespace exercicio2
{
    class Program
    {
        static void Main() {
           double Pontos_Jogo = 84.68;
            int bala_Chocolate = (int)Pontos_Jogo;

            Console.WriteLine("o numero de pontos de jogo, convertido em balas é: " +bala_Chocolate);
            Console.ReadKey();
                }
      

    }
}

